version = 1
requires-python = ">=3.14"

[[package]]
name = "asgiref"
version = "3.11.1"
source = { registry = "https://pypi.org/simple" }
sdist = { url = "https://files.pythonhosted.org/packages/63/40/f03da1264ae8f7cfdbf9146542e5e7e8100a4c66ab48e791df9a03d3f6c0/asgiref-3.11.1.tar.gz", hash = "sha256:5f184dc43b7e763efe848065441eac62229c9f7b0475f41f80e207a114eda4ce", size = 38550 }
wheels = [
    { url = "https://files.pythonhosted.org/packages/5c/0a/a72d10ed65068e115044937873362e6e32fab1b7dce0046aeb224682c989/asgiref-3.11.1-py3-none-any.whl", hash = "sha256:e8667a091e69529631969fd45dc268fa79b99c92c5fcdda727757e52146ec133", size = 24345 },
]

[[package]]
name = "colorama"
version = "0.4.6"
source = { registry = "https://pypi.org/simple" }
sdist = { url = "https://files.pythonhosted.org/packages/d8/53/6f443c9a4a8358a93a6792e2acffb9d9d5cb0a5cfd8802644b7b1c9a02e4/colorama-0.4.6.tar.gz", hash = "sha256:08695f5cb7ed6e0531a20572697297273c47b8cae5a63ffc6d6ed5c201be6e44", size = 27697 }
wheels = [
    { url = "https://files.pythonhosted.org/packages/d1/d6/3965ed04c63042e047cb6a3e6ed1a63a35087b6a609aa3a15ed8ac56c221/colorama-0.4.6-py2.py3-none-any.whl", hash = "sha256:4f1d9991f5acc0ca119f9d443620b77f9d6b33703e51011c16baf57afb285fc6", size = 25335 },
]

[[package]]
name = "devtrack"
version = "0.1.0"
source = { virtual = "." }
dependencies = [
    { name = "django" },
    { name = "django-filter" },
    { name = "django-solo" },
    { name = "djangorestframework" },
    { name = "djangorestframework-simplejwt" },
    { name = "psycopg", extra = ["binary"] },
]

[package.dev-dependencies]
dev = [
    { name = "factory-boy" },
    { name = "faker" },
    { name = "pytest" },
    { name = "pytest-django" },
]

[package.metadata]
requires-dist = [
    { name = "django", specifier = ">=5.1,<6.0" },
    { name = "django-filter", specifier = ">=24.0,<25.0" },
    { name = "django-solo", specifier = ">=2.3,<3.0" },
    { name = "djangorestframework", specifier = ">=3.15,<4.0" },
    { name = "djangorestframework-simplejwt", specifier = ">=5.3,<6.0" },
    { name = "psycopg", extras = ["binary"], specifier = ">=3.2,<4.0" },
]

[package.metadata.requires-dev]
dev = [
    { name = "factory-boy", specifier = ">=3.3,<4.0" },
    { name = "faker", specifier = ">=30.0,<40.0" },
    { name = "pytest", specifier = ">=8.0,<9.0" },
    { name = "pytest-django", specifier = ">=4.9,<5.0" },
]

[[package]]
name = "django"
version = "5.2.12"
source = { registry = "https://pypi.org/simple" }
dependencies = [
    { name = "asgiref" },
    { name = "sqlparse" },
    { name = "tzdata", marker = "sys_platform == 'win32'" },
]
sdist = { url = "https://files.pythonhosted.org/packages/bd/55/b9445fc0695b03746f355c05b2eecc54c34e05198c686f4fc4406b722b52/django-5.2.12.tar.gz", hash = "sha256:6b809af7165c73eff5ce1c87fdae75d4da6520d6667f86401ecf55b681eb1eeb", size = 10860574 }
wheels = [
    { url = "https://files.pythonhosted.org/packages/4e/32/4b144e125678efccf5d5b61581de1c4088d6b0286e46096e3b8de0d556c8/django-5.2.12-py3-none-any.whl", hash = "sha256:4853482f395c3a151937f6991272540fcbf531464f254a347bf7c89f53c8cff7", size = 8310245 },
]

[[package]]
name = "django-filter"
version = "24.3"
source = { registry = "https://pypi.org/simple" }
dependencies = [
    { name = "django" },
]
sdist = { url = "https://files.pythonhosted.org/packages/50/bc/dc19ae39c235332926dd0efe0951f663fa1a9fc6be8430737ff7fd566b20/django_filter-24.3.tar.gz", hash = "sha256:d8ccaf6732afd21ca0542f6733b11591030fa98669f8d15599b358e24a2cd9c3", size = 144444 }
wheels = [
    { url = "https://files.pythonhosted.org/packages/09/b1/92f1c30b47c1ebf510c35a2ccad9448f73437e5891bbd2b4febe357cc3de/django_filter-24.3-py3-none-any.whl", hash = "sha256:c4852822928ce17fb699bcfccd644b3574f1a2d80aeb2b4ff4f16b02dd49dc64", size = 95011 },
]

[[package]]
name = "django-solo"
version = "2.5.1"
source = { registry = "https://pypi.org/simple" }
dependencies = [
    { name = "django" },
]
sdist = { url = "https://files.pythonhosted.org/packages/aa/b3/1128d46ca1956dca02b7425bd5bc753c3a31ed21be6c3bb19b8d4c5316c9/django_solo-2.5.1.tar.gz", hash = "sha256:ca3b2e44dbb4726446941ca8d765c247123f709f051d07e62eacf97330ffde01", size = 13662 }
wheels = [
    { url = "https://files.pythonhosted.org/packages/59/aa/45058bdec53ce3df577be9bd40c630067788923284becc6cca6fc592d4db/django_solo-2.5.1-py3-none-any.whl", hash = "sha256:23bfe48950587b409ec4b4ef95e5e62c1c6c590dd958d8d8b99d37d5ccb53ca8", size = 16882 },
]

[[package]]
name = "djangorestframework"
version = "3.17.0"
source = { registry = "https://pypi.org/simple" }
dependencies = [
    { name = "django" },
]
sdist = { url = "https://files.pythonhosted.org/packages/b1/46/615ad5425c7b941e6fd3f382d25b1aca680022200d8e5b87bfc665c4425d/djangorestframework-3.17.0.tar.gz", hash = "sha256:456fd992a33f9e64c9d0f47e85d9787db0efb44f894c1e513315b5e74765bd4c", size = 905671 }
wheels = [
    { url = "https://files.pythonhosted.org/packages/5f/ee/01dfe0e712d37007a4417bf7ba518a9e6830d4de009ed4bfdfebd45b99cf/djangorestframework-3.17.0-py3-none-any.whl", hash = "sha256:d84fe85f30b7ac6e8c0076ce9ff635e4eaedca5912f8d7d2926ce448c08533ba", size = 898818 },
]

[[package]]
name = "djangorestframework-simplejwt"
version = "5.5.1"
source = { registry = "https://pypi.org/simple" }
dependencies = [
    { name = "django" },
    { name = "djangorestframework" },
    { name = "pyjwt" },
]
sdist = { url = "https://files.pythonhosted.org/packages/a8/27/2874a325c11112066139769f7794afae238a07ce6adf96259f08fd37a9d7/djangorestframework_simplejwt-5.5.1.tar.gz", hash = "sha256:e72c5572f51d7803021288e2057afcbd03f17fe11d484096f40a460abc76e87f", size = 101265 }
wheels = [
    { url = "https://files.pythonhosted.org/packages/60/94/fdfb7b2f0b16cd3ed4d4171c55c1c07a2d1e3b106c5978c8ad0c15b4a48b/djangorestframework_simplejwt-5.5.1-py3-none-any.whl", hash = "sha256:2c30f3707053d384e9f315d11c2daccfcb548d4faa453111ca19a542b732e469", size = 107674 },
]

[[package]]
name = "factory-boy"
version = "3.3.3"
source = { registry = "https://pypi.org/simple" }
dependencies = [
    { name = "faker" },
]
sdist = { url = "https://files.pythonhosted.org/packages/ba/98/75cacae9945f67cfe323829fc2ac451f64517a8a330b572a06a323997065/factory_boy-3.3.3.tar.gz", hash = "sha256:866862d226128dfac7f2b4160287e899daf54f2612778327dd03d0e2cb1e3d03", size = 164146 }
wheels = [
    { url = "https://files.pythonhosted.org/packages/27/8d/2bc5f5546ff2ccb3f7de06742853483ab75bf74f36a92254702f8baecc79/factory_boy-3.3.3-py2.py3-none-any.whl", hash = "sha256:1c39e3289f7e667c4285433f305f8d506efc2fe9c73aaea4151ebd5cdea394fc", size = 37036 },
]

[[package]]
name = "faker"
version = "39.1.0"
source = { registry = "https://pypi.org/simple" }
dependencies = [
    { name = "tzdata" },
]
sdist = { url = "https://files.pythonhosted.org/packages/73/5e/f30b61314d3cbfdb48a631a1aa859bbff8a1945436d52981d5afc6ee87c6/faker-39.1.0.tar.gz", hash = "sha256:35d40738093a62158f349f4996115680ca591d9789f24c99a4afa522a1dd4018", size = 1948026 }
wheels = [
    { url = "https://files.pythonhosted.org/packages/cf/d6/f5a9fbd529968757bdcd6d57e1f52ddb2cb66327564e83b05081eb525af9/faker-39.1.0-py3-none-any.whl", hash = "sha256:c86673bb06a1244b9555f1a773465e553a9be44e2d14a8fa6a834ce95f5f7b46", size = 1984865 },
]

[[package]]
name = "iniconfig"
version = "2.3.0"
source = { registry = "https://pypi.org/simple" }
sdist = { url = "https://files.pythonhosted.org/packages/72/34/14ca021ce8e5dfedc35312d08ba8bf51fdd999c576889fc2c24cb97f4f10/iniconfig-2.3.0.tar.gz", hash = "sha256:c76315c77db068650d49c5b56314774a7804df16fee4402c1f19d6d15d8c4730", size = 20503 }
wheels = [
    { url = "https://files.pythonhosted.org/packages/cb/b1/3846dd7f199d53cb17f49cba7e651e9ce294d8497c8c150530ed11865bb8/iniconfig-2.3.0-py3-none-any.whl", hash = "sha256:f631c04d2c48c52b84d0d0549c99ff3859c98df65b3101406327ecc7d53fbf12", size = 7484 },
]

[[package]]
name = "packaging"
version = "26.0"
source = { registry = "https://pypi.org/simple" }
sdist = { url = "https://files.pythonhosted.org/packages/65/ee/299d360cdc32edc7d2cf530f3accf79c4fca01e96ffc950d8a52213bd8e4/packaging-26.0.tar.gz", hash = "sha256:00243ae351a257117b6a241061796684b084ed1c516a08c48a3f7e147a9d80b4", size = 143416 }
wheels = [
    { url = "https://files.pythonhosted.org/packages/b7/b9/c538f279a4e237a006a2c98387d081e9eb060d203d8ed34467cc0f0b9b53/packaging-26.0-py3-none-any.whl", hash = "sha256:b36f1fef9334a5588b4166f8bcd26a14e521f2b55e6b9de3aaa80d3ff7a37529", size = 74366 },
]

[[package]]
name = "pluggy"
version = "1.6.0"
source = { registry = "https://pypi.org/simple" }
sdist = { url = "https://files.pythonhosted.org/packages/f9/e2/3e91f31a7d2b083fe6ef3fa267035b518369d9511ffab804f839851d2779/pluggy-1.6.0.tar.gz", hash = "sha256:7dcc130b76258d33b90f61b658791dede3486c3e6bfb003ee5c9bfb396dd22f3", size = 69412 }
wheels = [
    { url = "https://files.pythonhosted.org/packages/54/20/4d324d65cc6d9205fabedc306948156824eb9f0ee1633355a8f7ec5c66bf/pluggy-1.6.0-py3-none-any.whl", hash = "sha256:e920276dd6813095e9377c0bc5566d94c932c33b27a3e3945d8389c374dd4746", size = 20538 },
]

[[package]]
name = "psycopg"
version = "3.3.3"
source = { registry = "https://pypi.org/simple" }
dependencies = [
    { name = "tzdata", marker = "sys_platform == 'win32'" },
]
sdist = { url = "https://files.pythonhosted.org/packages/d3/b6/379d0a960f8f435ec78720462fd94c4863e7a31237cf81bf76d0af5883bf/psycopg-3.3.3.tar.gz", hash = "sha256:5e9a47458b3c1583326513b2556a2a9473a1001a56c9efe9e587245b43148dd9", size = 165624 }
wheels = [
    { url = "https://files.pythonhosted.org/packages/c8/5b/181e2e3becb7672b502f0ed7f16ed7352aca7c109cfb94cf3878a9186db9/psycopg-3.3.3-py3-none-any.whl", hash = "sha256:f96525a72bcfade6584ab17e89de415ff360748c766f0106959144dcbb38c698", size = 212768 },
]

[package.optional-dependencies]
binary = [
    { name = "psycopg-binary", marker = "implementation_name != 'pypy'" },
]

[[package]]
name = "psycopg-binary"
version = "3.3.3"
source = { registry = "https://pypi.org/simple" }
wheels = [
    { url = "https://files.pythonhosted.org/packages/a2/71/7a57e5b12275fe7e7d84d54113f0226080423a869118419c9106c083a21c/psycopg_binary-3.3.3-cp314-cp314-macosx_10_15_x86_64.whl", hash = "sha256:497852c5eaf1f0c2d88ab74a64a8097c099deac0c71de1cbcf18659a8a04a4b2", size = 4607368 },
    { url = "https://files.pythonhosted.org/packages/c7/04/cb834f120f2b2c10d4003515ef9ca9d688115b9431735e3936ae48549af8/psycopg_binary-3.3.3-cp314-cp314-macosx_11_0_arm64.whl", hash = "sha256:258d1ea53464d29768bf25930f43291949f4c7becc706f6e220c515a63a24edd", size = 4687047 },
    { url = "https://files.pythonhosted.org/packages/40/e9/47a69692d3da9704468041aa5ed3ad6fc7f6bb1a5ae788d261a26bbca6c7/psycopg_binary-3.3.3-cp314-cp314-manylinux2014_ppc64le.manylinux_2_17_ppc64le.whl", hash = "sha256:111c59897a452196116db12e7f608da472fbff000693a21040e35fc978b23430", size = 5487096 },
    { url = "https://files.pythonhosted.org/packages/0b/b6/0e0dd6a2f802864a4ae3dbadf4ec620f05e3904c7842b326aafc43e5f464/psycopg_binary-3.3.3-cp314-cp314-manylinux2014_x86_64.manylinux_2_17_x86_64.whl", hash = "sha256:17bb6600e2455993946385249a3c3d0af52cd70c1c1cdbf712e9d696d0b0bf1b", size = 5168720 },
    { url = "https://files.pythonhosted.org/packages/6f/0d/977af38ac19a6b55d22dff508bd743fd7c1901e1b73657e7937c7cccb0a3/psycopg_binary-3.3.3-cp314-cp314-manylinux_2_27_aarch64.manylinux_2_28_aarch64.whl", hash = "sha256:642050398583d61c9856210568eb09a8e4f2fe8224bf3be21b67a370e677eead", size = 6762076 },
    { url = "https://files.pythonhosted.org/packages/34/40/912a39d48322cf86895c0eaf2d5b95cb899402443faefd4b09abbba6b6e1/psycopg_binary-3.3.3-cp314-cp314-manylinux_2_38_riscv64.manylinux_2_39_riscv64.whl", hash = "sha256:533efe6dc3a7cba5e2a84e38970786bb966306863e45f3db152007e9f48638a6", size = 4997623 },
    { url = "https://files.pythonhosted.org/packages/98/0c/c14d0e259c65dc7be854d926993f151077887391d5a081118907a9d89603/psycopg_binary-3.3.3-cp314-cp314-musllinux_1_2_aarch64.whl", hash = "sha256:5958dbf28b77ce2033482f6cb9ef04d43f5d8f4b7636e6963d5626f000efb23e", size = 4532096 },
    { url = "https://files.pythonhosted.org/packages/39/21/8b7c50a194cfca6ea0fd4d1f276158307785775426e90700ab2eba5cd623/psycopg_binary-3.3.3-cp314-cp314-musllinux_1_2_ppc64le.whl", hash = "sha256:a6af77b6626ce92b5817bf294b4d45ec1a6161dba80fc2d82cdffdd6814fd023", size = 4208884 },
    { url = "https://files.pythonhosted.org/packages/c7/2c/a4981bf42cf30ebba0424971d7ce70a222ae9b82594c42fc3f2105d7b525/psycopg_binary-3.3.3-cp314-cp314-musllinux_1_2_riscv64.whl", hash = "sha256:47f06fcbe8542b4d96d7392c476a74ada521c5aebdb41c3c0155f6595fc14c8d", size = 3944542 },
    { url = "https://files.pythonhosted.org/packages/60/e9/b7c29b56aa0b85a4e0c4d89db691c1ceef08f46a356369144430c155a2f5/psycopg_binary-3.3.3-cp314-cp314-musllinux_1_2_x86_64.whl", hash = "sha256:e7800e6c6b5dc4b0ca7cc7370f770f53ac83886b76afda0848065a674231e856", size = 4254339 },
    { url = "https://files.pythonhosted.org/packages/98/5a/291d89f44d3820fffb7a04ebc8f3ef5dda4f542f44a5daea0c55a84abf45/psycopg_binary-3.3.3-cp314-cp314-win_amd64.whl", hash = "sha256:165f22ab5a9513a3d7425ffb7fcc7955ed8ccaeef6d37e369d6cc1dff1582383", size = 3652796 },
]

[[package]]
name = "pygments"
version = "2.19.2"
source = { registry = "https://pypi.org/simple" }
sdist = { url = "https://files.pythonhosted.org/packages/b0/77/a5b8c569bf593b0140bde72ea885a803b82086995367bf2037de0159d924/pygments-2.19.2.tar.gz", hash = "sha256:636cb2477cec7f8952536970bc533bc43743542f70392ae026374600add5b887", size = 4968631 }
wheels = [
    { url = "https://files.pythonhosted.org/packages/c7/21/705964c7812476f378728bdf590ca4b771ec72385c533964653c68e86bdc/pygments-2.19.2-py3-none-any.whl", hash = "sha256:86540386c03d588bb81d44bc3928634ff26449851e99741617ecb9037ee5ec0b", size = 1225217 },
]

[[package]]
name = "pyjwt"
version = "2.12.1"
source = { registry = "https://pypi.org/simple" }
sdist = { url = "https://files.pythonhosted.org/packages/c2/27/a3b6e5bf6ff856d2509292e95c8f57f0df7017cf5394921fc4e4ef40308a/pyjwt-2.12.1.tar.gz", hash = "sha256:c74a7a2adf861c04d002db713dd85f84beb242228e671280bf709d765b03672b", size = 102564 }
wheels = [
    { url = "https://files.pythonhosted.org/packages/e5/7a/8dd906bd22e79e47397a61742927f6747fe93242ef86645ee9092e610244/pyjwt-2.12.1-py3-none-any.whl", hash = "sha256:28ca37c070cad8ba8cd9790cd940535d40274d22f80ab87f3ac6a713e6e8454c", size = 29726 },
]

[[package]]
name = "pytest"
version = "8.4.2"
source = { registry = "https://pypi.org/simple" }
dependencies = [
    { name = "colorama", marker = "sys_platform == 'win32'" },
    { name = "iniconfig" },
    { name = "packaging" },
    { name = "pluggy" },
    { name = "pygments" },
]
sdist = { url = "https://files.pythonhosted.org/packages/a3/5c/00a0e072241553e1a7496d638deababa67c5058571567b92a7eaa258397c/pytest-8.4.2.tar.gz", hash = "sha256:86c0d0b93306b961d58d62a4db4879f27fe25513d4b969df351abdddb3c30e01", size = 1519618 }
wheels = [
    { url = "https://files.pythonhosted.org/packages/a8/a4/20da314d277121d6534b3a980b29035dcd51e6744bd79075a6ce8fa4eb8d/pytest-8.4.2-py3-none-any.whl", hash = "sha256:872f880de3fc3a5bdc88a11b39c9710c3497a547cfa9320bc3c5e62fbf272e79", size = 365750 },
]

[[package]]
name = "pytest-django"
version = "4.12.0"
source = { registry = "https://pypi.org/simple" }
dependencies = [
    { name = "pytest" },
]
sdist = { url = "https://files.pythonhosted.org/packages/13/2b/db9a193df89e5660137f5428063bcc2ced7ad790003b26974adf5c5ceb3b/pytest_django-4.12.0.tar.gz", hash = "sha256:df94ec819a83c8979c8f6de13d9cdfbe76e8c21d39473cfe2b40c9fc9be3c758", size = 91156 }
wheels = [
    { url = "https://files.pythonhosted.org/packages/83/a5/41d091f697c09609e7ef1d5d61925494e0454ebf51de7de05f0f0a728f1d/pytest_django-4.12.0-py3-none-any.whl", hash = "sha256:3ff300c49f8350ba2953b90297d23bf5f589db69545f56f1ec5f8cff5da83e85", size = 26123 },
]

[[package]]
name = "sqlparse"
version = "0.5.5"
source = { registry = "https://pypi.org/simple" }
sdist = { url = "https://files.pythonhosted.org/packages/90/76/437d71068094df0726366574cf3432a4ed754217b436eb7429415cf2d480/sqlparse-0.5.5.tar.gz", hash = "sha256:e20d4a9b0b8585fdf63b10d30066c7c94c5d7a7ec47c889a2d83a3caa93ff28e", size = 120815 }
wheels = [
    { url = "https://files.pythonhosted.org/packages/49/4b/359f28a903c13438ef59ebeee215fb25da53066db67b305c125f1c6d2a25/sqlparse-0.5.5-py3-none-any.whl", hash = "sha256:12a08b3bf3eec877c519589833aed092e2444e68240a3577e8e26148acc7b1ba", size = 46138 },
]

[[package]]
name = "tzdata"
version = "2025.3"
source = { registry = "https://pypi.org/simple" }
sdist = { url = "https://files.pythonhosted.org/packages/5e/a7/c202b344c5ca7daf398f3b8a477eeb205cf3b6f32e7ec3a6bac0629ca975/tzdata-2025.3.tar.gz", hash = "sha256:de39c2ca5dc7b0344f2eba86f49d614019d29f060fc4ebc8a417896a620b56a7", size = 196772 }
wheels = [
    { url = "https://files.pythonhosted.org/packages/c7/b0/003792df09decd6849a5e39c28b513c06e84436a54440380862b5aeff25d/tzdata-2025.3-py2.py3-none-any.whl", hash = "sha256:06a47e5700f3081aab02b2e513160914ff0694bce9947d6b76ebd6bf57cfc5d1", size = 348521 },
]
